
Microsoft Visual Studio Solution File, Format Version 12.00
# Visual Studio Version 16
VisualStudioVersion = 16.0.31313.79
MinimumVisualStudioVersion = 10.0.40219.1
Project("{FAE04EC0-301F-11D3-BF4B-00C04F79EFBC}") = "MVCSchool", "MVCSchool\MVCSchool.csproj", "{099DF689-7A3C-4396-BC1B-1738B14587A3}"
EndProject
Global
	GlobalSection(SolutionConfigurationPlatforms) = preSolution
		Debug|Any CPU = Debug|Any CPU
		Release|Any CPU = Release|Any CPU
	EndGlobalSection
	GlobalSection(ProjectConfigurationPlatforms) = postSolution
		{099DF689-7A3C-4396-BC1B-1738B14587A3}.Debug|Any CPU.ActiveCfg = Debug|Any CPU
		{099DF689-7A3C-4396-BC1B-1738B14587A3}.Debug|Any CPU.Build.0 = Debug|Any CPU
		{099DF689-7A3C-4396-BC1B-1738B14587A3}.Release|Any CPU.ActiveCfg = Release|Any CPU
		{099DF689-7A3C-4396-BC1B-1738B14587A3}.Release|Any CPU.Build.0 = Release|Any CPU
	EndGlobalSection
	GlobalSection(SolutionProperties) = preSolution
		HideSolutionNode = FALSE
	EndGlobalSection
	GlobalSection(ExtensibilityGlobals) = postSolution
		SolutionGuid = {1A841818-AB8B-490D-BA42-FD94A0DB804B}
	EndGlobalSection
EndGlobal
